
Microsoft Visual Studio Solution File, Format Version 12.00
# Visual Studio Version 17
VisualStudioVersion = 17.8.34511.84
MinimumVisualStudioVersion = 10.0.40219.1
Project("{FAE04EC0-301F-11D3-BF4B-00C04F79EFBC}") = "CalculadoraVogais", "CalculadoraVogais.csproj", "{A1EF3B99-6A92-46B6-A198-E663552AA2BF}"
EndProject
Global
	GlobalSection(SolutionConfigurationPlatforms) = preSolution
		Debug|Any CPU = Debug|Any CPU
		Release|Any CPU = Release|Any CPU
	EndGlobalSection
	GlobalSection(ProjectConfigurationPlatforms) = postSolution
		{A1EF3B99-6A92-46B6-A198-E663552AA2BF}.Debug|Any CPU.ActiveCfg = Debug|Any CPU
		{A1EF3B99-6A92-46B6-A198-E663552AA2BF}.Debug|Any CPU.Build.0 = Debug|Any CPU
		{A1EF3B99-6A92-46B6-A198-E663552AA2BF}.Release|Any CPU.ActiveCfg = Release|Any CPU
		{A1EF3B99-6A92-46B6-A198-E663552AA2BF}.Release|Any CPU.Build.0 = Release|Any CPU
	EndGlobalSection
	GlobalSection(SolutionProperties) = preSolution
		HideSolutionNode = FALSE
	EndGlobalSection
	GlobalSection(ExtensibilityGlobals) = postSolution
		SolutionGuid = {4CDD33CB-DE63-4AA3-8CEF-73229FEFD651}
	EndGlobalSection
EndGlobal
