
Microsoft Visual Studio Solution File, Format Version 12.00
# Visual Studio Version 17
VisualStudioVersion = 17.8.34511.84
MinimumVisualStudioVersion = 10.0.40219.1
Project("{FAE04EC0-301F-11D3-BF4B-00C04F79EFBC}") = "ContadorDePrimos", "ContadorDePrimos.csproj", "{349FB344-B69A-453D-BD2D-A71AC16009EF}"
EndProject
Global
	GlobalSection(SolutionConfigurationPlatforms) = preSolution
		Debug|Any CPU = Debug|Any CPU
		Release|Any CPU = Release|Any CPU
	EndGlobalSection
	GlobalSection(ProjectConfigurationPlatforms) = postSolution
		{349FB344-B69A-453D-BD2D-A71AC16009EF}.Debug|Any CPU.ActiveCfg = Debug|Any CPU
		{349FB344-B69A-453D-BD2D-A71AC16009EF}.Debug|Any CPU.Build.0 = Debug|Any CPU
		{349FB344-B69A-453D-BD2D-A71AC16009EF}.Release|Any CPU.ActiveCfg = Release|Any CPU
		{349FB344-B69A-453D-BD2D-A71AC16009EF}.Release|Any CPU.Build.0 = Release|Any CPU
	EndGlobalSection
	GlobalSection(SolutionProperties) = preSolution
		HideSolutionNode = FALSE
	EndGlobalSection
	GlobalSection(ExtensibilityGlobals) = postSolution
		SolutionGuid = {9E3A5038-539C-49C7-9E88-DF83057B97C2}
	EndGlobalSection
EndGlobal
