
Microsoft Visual Studio Solution File, Format Version 12.00
# Visual Studio Version 17
VisualStudioVersion = 17.8.34511.84
MinimumVisualStudioVersion = 10.0.40219.1
Project("{FAE04EC0-301F-11D3-BF4B-00C04F79EFBC}") = "DoisElementos", "DoisElementos.csproj", "{6094A4AD-366A-4CB9-8848-D1E2C11D226B}"
EndProject
Global
	GlobalSection(SolutionConfigurationPlatforms) = preSolution
		Debug|Any CPU = Debug|Any CPU
		Release|Any CPU = Release|Any CPU
	EndGlobalSection
	GlobalSection(ProjectConfigurationPlatforms) = postSolution
		{6094A4AD-366A-4CB9-8848-D1E2C11D226B}.Debug|Any CPU.ActiveCfg = Debug|Any CPU
		{6094A4AD-366A-4CB9-8848-D1E2C11D226B}.Debug|Any CPU.Build.0 = Debug|Any CPU
		{6094A4AD-366A-4CB9-8848-D1E2C11D226B}.Release|Any CPU.ActiveCfg = Release|Any CPU
		{6094A4AD-366A-4CB9-8848-D1E2C11D226B}.Release|Any CPU.Build.0 = Release|Any CPU
	EndGlobalSection
	GlobalSection(SolutionProperties) = preSolution
		HideSolutionNode = FALSE
	EndGlobalSection
	GlobalSection(ExtensibilityGlobals) = postSolution
		SolutionGuid = {A3F5CFC8-4218-4D40-AE9E-FEA8C1279858}
	EndGlobalSection
EndGlobal
