
Microsoft Visual Studio Solution File, Format Version 12.00
# Visual Studio Version 17
VisualStudioVersion = 17.8.34511.84
MinimumVisualStudioVersion = 10.0.40219.1
Project("{FAE04EC0-301F-11D3-BF4B-00C04F79EFBC}") = "CalcularFatorial", "CalcularFatorial.csproj", "{49F7F2DE-665F-45CD-B2B3-EB30EEF7075F}"
EndProject
Global
	GlobalSection(SolutionConfigurationPlatforms) = preSolution
		Debug|Any CPU = Debug|Any CPU
		Release|Any CPU = Release|Any CPU
	EndGlobalSection
	GlobalSection(ProjectConfigurationPlatforms) = postSolution
		{49F7F2DE-665F-45CD-B2B3-EB30EEF7075F}.Debug|Any CPU.ActiveCfg = Debug|Any CPU
		{49F7F2DE-665F-45CD-B2B3-EB30EEF7075F}.Debug|Any CPU.Build.0 = Debug|Any CPU
		{49F7F2DE-665F-45CD-B2B3-EB30EEF7075F}.Release|Any CPU.ActiveCfg = Release|Any CPU
		{49F7F2DE-665F-45CD-B2B3-EB30EEF7075F}.Release|Any CPU.Build.0 = Release|Any CPU
	EndGlobalSection
	GlobalSection(SolutionProperties) = preSolution
		HideSolutionNode = FALSE
	EndGlobalSection
	GlobalSection(ExtensibilityGlobals) = postSolution
		SolutionGuid = {A8F0777D-7A33-40D3-8340-626560D0B466}
	EndGlobalSection
EndGlobal
